
Microsoft Visual Studio Solution File, Format Version 12.00
# Visual Studio Version 17
VisualStudioVersion = 17.3.32825.248
MinimumVisualStudioVersion = 10.0.40219.1
Project("{FAE04EC0-301F-11D3-BF4B-00C04F79EFBC}") = "secretSanta", "secretSanta.csproj", "{0EDCFD5F-34C9-48B4-AC2F-FB0CB813D1B1}"
EndProject
Global
	GlobalSection(SolutionConfigurationPlatforms) = preSolution
		Debug|Any CPU = Debug|Any CPU
		Release|Any CPU = Release|Any CPU
	EndGlobalSection
	GlobalSection(ProjectConfigurationPlatforms) = postSolution
		{0EDCFD5F-34C9-48B4-AC2F-FB0CB813D1B1}.Debug|Any CPU.ActiveCfg = Debug|Any CPU
		{0EDCFD5F-34C9-48B4-AC2F-FB0CB813D1B1}.Debug|Any CPU.Build.0 = Debug|Any CPU
		{0EDCFD5F-34C9-48B4-AC2F-FB0CB813D1B1}.Release|Any CPU.ActiveCfg = Release|Any CPU
		{0EDCFD5F-34C9-48B4-AC2F-FB0CB813D1B1}.Release|Any CPU.Build.0 = Release|Any CPU
	EndGlobalSection
	GlobalSection(SolutionProperties) = preSolution
		HideSolutionNode = FALSE
	EndGlobalSection
	GlobalSection(ExtensibilityGlobals) = postSolution
		SolutionGuid = {54389615-CEC2-4C95-AE52-D0749C1CF753}
	EndGlobalSection
EndGlobal
